// !$*UTF8*$!
{
	archiveVersion = 1;
	classes = {
	};
	objectVersion = 46;
	objects = {

/* Begin PBXBuildFile section */
		A7FEAB5B1DC1A45C00A898EC /* main.m in Sources */ = {isa = PBXBuildFile; fileRef = A7FEAB5A1DC1A45C00A898EC /* main.m */; };
		A7FEAB5E1DC1A45C00A898EC /* AppDelegate.m in Sources */ = {isa = PBXBuildFile; fileRef = A7FEAB5D1DC1A45C00A898EC /* AppDelegate.m */; };
		A7FEAB611DC1A45C00A898EC /* ViewController.m in Sources */ = {isa = PBXBuildFile; fileRef = A7FEAB601DC1A45C00A898EC /* ViewController.m */; };
		A7FEAB641DC1A45C00A898EC /* Main.storyboard in Resources */ = {isa = PBXBuildFile; fileRef = A7FEAB621DC1A45C00A898EC /* Main.storyboard */; };
		A7FEAB661DC1A45D00A898EC /* Assets.xcassets in Resources */ = {isa = PBXBuildFile; fileRef = A7FEAB651DC1A45D00A898EC /* Assets.xcassets */; };
		A7FEAB691DC1A45D00A898EC /* LaunchScreen.storyboard in Resources */ = {isa = PBXBuildFile; fileRef = A7FEAB671DC1A45D00A898EC /* LaunchScreen.storyboard */; };
		A7FEAB741DC1A45D00A898EC /* GitDemoTests.m in Sources */ = {isa = PBXBuildFile; fileRef = A7FEAB731DC1A45D00A898EC /* GitDemoTests.m */; };
/* End PBXBuildFile section */

/* Begin PBXContainerItemProxy section */
		A7FEAB701DC1A45D00A898EC /* PBXContainerItemProxy */ = {
			isa = PBXContainerItemProxy;
			containerPortal = A7FEAB4E1DC1A45C00A898EC /* Project object */;
			proxyType = 1;
			remoteGlobalIDString = A7FEAB551DC1A45C00A898EC;
			remoteInfo = GitDemo;
		};
/* End PBXContainerItemProxy section */

/* Begin PBXFileReference section */
		A7FEAB561DC1A45C00A898EC /* GitDemo.app */ = {isa = PBXFileReference; explicitFileType = wrapper.application; includeInIndex = 0; path = GitDemo.app; sourceTree = BUILT_PRODUCTS_DIR; };
		A7FEAB5A1DC1A45C00A898EC /* main.m */ = {isa = PBXFileReference; lastKnownFileType = sourcecode.c.objc; path = main.m; sourceTree = "<group>"; };
		A7FEAB5C1DC1A45C00A898EC /* AppDelegate.h */ = {isa = PBXFileReference; lastKnownFileType = sourcecode.c.h; path = AppDelegate.h; sourceTree = "<group>"; };
		A7FEAB5D1DC1A45C00A898EC /* AppDelegate.m */ = {isa = PBXFileReference; lastKnownFileType = sourcecode.c.objc; path = AppDelegate.m; sourceTree = "<group>"; };
		A7FEAB5F1DC1A45C00A898EC /* ViewController.h */ = {isa = PBXFileReference; lastKnownFileType = sourcecode.c.h; path = ViewController.h; sourceTree = "<group>"; };
		A7FEAB601DC1A45C00A898EC /* ViewController.m */ = {isa = PBXFileReference; lastKnownFileType = sourcecode.c.objc; path = ViewController.m; sourceTree = "<group>"; };
		A7FEAB631DC1A45C00A898EC /* Base */ = {isa = PBXFileReference; lastKnownFileType = file.storyboard; name = Base; path = Base.lproj/Main.storyboard; sourceTree = "<group>"; };
		A7FEAB651DC1A45D00A898EC /* Assets.xcassets */ = {isa = PBXFileReference; lastKnownFileType = folder.assetcatalog; path = Assets.xcassets; sourceTree = "<group>"; };
		A7FEAB681DC1A45D00A898EC /* Base */ = {isa = PBXFileReference; lastKnownFileType = file.storyboard; name = Base; path = Base.lproj/LaunchScreen.storyboard; sourceTree = "<group>"; };
		A7FEAB6A1DC1A45D00A898EC /* Info.plist */ = {isa = PBXFileReference; lastKnownFileType = text.plist.xml; path = Info.plist; sourceTree = "<group>"; };
		A7FEAB6F1DC1A45D00A898EC /* GitDemoTests.xctest */ = {isa = PBXFileReference; explicitFileType = wrapper.cfbundle; includeInIndex = 0; path = GitDemoTests.xctest; sourceTree = BUILT_PRODUCTS_DIR; };
		A7FEAB731DC1A45D00A898EC /* GitDemoTests.m */ = {isa = PBXFileReference; lastKnownFileType = sourcecode.c.objc; path = GitDemoTests.m; sourceTree = "<group>"; };
		A7FEAB751DC1A45D00A898EC /* Info.plist */ = {isa = PBXFileReference; lastKnownFileType = text.plist.xml; path = Info.plist; sourceTree = "<group>"; };
/* End PBXFileReference section */

/* Begin PBXFrameworksBuildPhase section */
		A7FEAB531DC1A45C00A898EC /* Frameworks */ = {
			isa = PBXFrameworksBuildPhase;
			buildActionMask = 2147483647;
			files = (
			);
			runOnlyForDeploymentPostprocessing = 0;
		};
		A7FEAB6C1DC1A45D00A898EC /* Frameworks */ = {
			isa = PBXFrameworksBuildPhase;
			buildActionMask = 2147483647;
			files = (
			);
			runOnlyForDeploymentPostprocessing = 0;
		};
/* End PBXFrameworksBuildPhase section */

/* Begin PBXGroup section */
		A7FEAB4D1DC1A45C00A898EC = {
			isa = PBXGroup;
			children = (
				A7FEAB581DC1A45C00A898EC /* GitDemo */,
				A7FEAB721DC1A45D00A898EC /* GitDemoTests */,
				A7FEAB571DC1A45C00A898EC /* Products */,
			);
			sourceTree = "<group>";
		};
		A7FEAB571DC1A45C00A898EC /* Products */ = {
			isa = PBXGroup;
			children = (
				A7FEAB561DC1A45C00A898EC /* GitDemo.app */,
				A7FEAB6F1DC1A45D00A898EC /* GitDemoTests.xctest */,
			);
			name = Products;
			sourceTree = "<group>";
		};
		A7FEAB581DC1A45C00A898EC /* GitDemo */ = {
			isa = PBXGroup;
			children = (
				A7FEAB5C1DC1A45C00A898EC /* AppDelegate.h */,
				A7FEAB5D1DC1A45C00A898EC /* AppDelegate.m */,
				A7FEAB5F1DC1A45C00A898EC /* ViewController.h */,
				A7FEAB601DC1A45C00A898EC /* ViewController.m */,
				A7FEAB621DC1A45C00A898EC /* Main.storyboard */,
				A7FEAB651DC1A45D00A898EC /* Assets.xcassets */,
				A7FEAB671DC1A45D00A898EC /* LaunchScreen.storyboard */,
				A7FEAB6A1DC1A45D00A898EC /* Info.plist */,
				A7FEAB591DC1A45C00A898EC /* Supporting Files */,
			);
			path = GitDemo;
			sourceTree = "<group>";
		};
		A7FEAB591DC1A45C00A898EC /* Supporting Files */ = {
			isa = PBXGroup;
			children = (
				A7FEAB5A1DC1A45C00A898EC /* main.m */,
			);
			name = "Supporting Files";
			sourceTree = "<group>";
		};
		A7FEAB721DC1A45D00A898EC /* GitDemoTests */ = {
			isa = PBXGroup;
			children = (
				A7FEAB731DC1A45D00A898EC /* GitDemoTests.m */,
				A7FEAB751DC1A45D00A898EC /* Info.plist */,
			);
			path = GitDemoTests;
			sourceTree = "<group>";
		};
/* End PBXGroup section */

/* Begin PBXNativeTarget section */
		A7FEAB551DC1A45C00A898EC /* GitDemo */ = {
			isa = PBXNativeTarget;
			buildConfigurationList = A7FEAB781DC1A45D00A898EC /* Build configuration list for PBXNativeTarget "GitDemo" */;
			buildPhases = (
				A7FEAB521DC1A45C00A898EC /* Sources */,
				A7FEAB531DC1A45C00A898EC /* Frameworks */,
				A7FEAB541DC1A45C00A898EC /* Resources */,
			);
			buildRules = (
			);
			dependencies = (
			);
			name = GitDemo;
			productName = GitDemo;
			productReference = A7FEAB561DC1A45C00A898EC /* GitDemo.app */;
			productType = "com.apple.product-type.application";
		};
		A7FEAB6E1DC1A45D00A898EC /* GitDemoTests */ = {
			isa = PBXNativeTarget;
			buildConfigurationList = A7FEAB7B1DC1A45D00A898EC /* Build configuration list for PBXNativeTarget "GitDemoTests" */;
			buildPhases = (
				A7FEAB6B1DC1A45D00A898EC /* Sources */,
				A7FEAB6C1DC1A45D00A898EC /* Frameworks */,
				A7FEAB6D1DC1A45D00A898EC /* Resources */,
			);
			buildRules = (
			);
			dependencies = (
				A7FEAB711DC1A45D00A898EC /* PBXTargetDependency */,
			);
			name = GitDemoTests;
			productName = GitDemoTests;
			productReference = A7FEAB6F1DC1A45D00A898EC /* GitDemoTests.xctest */;
			productType = "com.apple.product-type.bundle.unit-test";
		};
/* End PBXNativeTarget section */

/* Begin PBXProject section */
		A7FEAB4E1DC1A45C00A898EC /* Project object */ = {
			isa = PBXProject;
			attributes = {
				LastUpgradeCheck = 0730;
				ORGANIZATIONNAME = sand;
				TargetAttributes = {
					A7FEAB551DC1A45C00A898EC = {
						CreatedOnToolsVersion = 7.3.1;
					};
					A7FEAB6E1DC1A45D00A898EC = {
						CreatedOnToolsVersion = 7.3.1;
						TestTargetID = A7FEAB551DC1A45C00A898EC;
					};
				};
			};
			buildConfigurationList = A7FEAB511DC1A45C00A898EC /* Build configuration list for PBXProject "GitDemo" */;
			compatibilityVersion = "Xcode 3.2";
			developmentRegion = English;
			hasScannedForEncodings = 0;
			knownRegions = (
				en,
				Base,
			);
			mainGroup = A7FEAB4D1DC1A45C00A898EC;
			productRefGroup = A7FEAB571DC1A45C00A898EC /* Products */;
			projectDirPath = "";
			projectRoot = "";
			targets = (
				A7FEAB551DC1A45C00A898EC /* GitDemo */,
				A7FEAB6E1DC1A45D00A898EC /* GitDemoTests */,
			);
		};
/* End PBXProject section */

/* Begin PBXResourcesBuildPhase section */
		A7FEAB541DC1A45C00A898EC /* Resources */ = {
			isa = PBXResourcesBuildPhase;
			buildActionMask = 2147483647;
			files = (
				A7FEAB691DC1A45D00A898EC /* LaunchScreen.storyboard in Resources */,
				A7FEAB661DC1A45D00A898EC /* Assets.xcassets in Resources */,
				A7FEAB641DC1A45C00A898EC /* Main.storyboard in Resources */,
			);
			runOnlyForDeploymentPostprocessing = 0;
		};
		A7FEAB6D1DC1A45D00A898EC /* Resources */ = {
			isa = PBXResourcesBuildPhase;
			buildActionMask = 2147483647;
			files = (
			);
			runOnlyForDeploymentPostprocessing = 0;
		};
/* End PBXResourcesBuildPhase section */

/* Begin PBXSourcesBuildPhase section */
		A7FEAB521DC1A45C00A898EC /* Sources */ = {
			isa = PBXSourcesBuildPhase;
			buildActionMask = 2147483647;
			files = (
				A7FEAB611DC1A45C00A898EC /* ViewController.m in Sources */,
				A7FEAB5E1DC1A45C00A898EC /* AppDelegate.m in Sources */,
				A7FEAB5B1DC1A45C00A898EC /* main.m in Sources */,
			);
			runOnlyForDeploymentPostprocessing = 0;
		};
		A7FEAB6B1DC1A45D00A898EC /* Sources */ = {
			isa = PBXSourcesBuildPhase;
			buildActionMask = 2147483647;
			files = (
				A7FEAB741DC1A45D00A898EC /* GitDemoTests.m in Sources */,
			);
			runOnlyForDeploymentPostprocessing = 0;
		};
/* End PBXSourcesBuildPhase section */

/* Begin PBXTargetDependency section */
		A7FEAB711DC1A45D00A898EC /* PBXTargetDependency */ = {
			isa = PBXTargetDependency;
			target = A7FEAB551DC1A45C00A898EC /* GitDemo */;
			targetProxy = A7FEAB701DC1A45D00A898EC /* PBXContainerItemProxy */;
		};
/* End PBXTargetDependency section */

/* Begin PBXVariantGroup section */
		A7FEAB621DC1A45C00A898EC /* Main.storyboard */ = {
			isa = PBXVariantGroup;
			children = (
				A7FEAB631DC1A45C00A898EC /* Base */,
			);
			name = Main.storyboard;
			sourceTree = "<group>";
		};
		A7FEAB671DC1A45D00A898EC /* LaunchScreen.storyboard */ = {
			isa = PBXVariantGroup;
			children = (
				A7FEAB681DC1A45D00A898EC /* Base */,
			);
			name = LaunchScreen.storyboard;
			sourceTree = "<group>";
		};
/* End PBXVariantGroup section */

/* Begin XCBuildConfiguration section */
		A7FEAB761DC1A45D00A898EC /* Debug */ = {
			isa = XCBuildConfiguration;
			buildSettings = {
				ALWAYS_SEARCH_USER_PATHS = NO;
				CLANG_ANALYZER_NONNULL = YES;
				CLANG_CXX_LANGUAGE_STANDARD = "gnu++0x";
				CLANG_CXX_LIBRARY = "libc++";
				CLANG_ENABLE_MODULES = YES;
				CLANG_ENABLE_OBJC_ARC = YES;
				CLANG_WARN_BOOL_CONVERSION = YES;
				CLANG_WARN_CONSTANT_CONVERSION = YES;
				CLANG_WARN_DIRECT_OBJC_ISA_USAGE = YES_ERROR;
				CLANG_WARN_EMPTY_BODY = YES;
				CLANG_WARN_ENUM_CONVERSION = YES;
				CLANG_WARN_INT_CONVERSION = YES;
				CLANG_WARN_OBJC_ROOT_CLASS = YES_ERROR;
				CLANG_WARN_UNREACHABLE_CODE = YES;
				CLANG_WARN__DUPLICATE_METHOD_MATCH = YES;
				"CODE_SIGN_IDENTITY[sdk=iphoneos*]" = "iPhone Developer";
				COPY_PHASE_STRIP = NO;
				DEBUG_INFORMATION_FORMAT = dwarf;
				ENABLE_STRICT_OBJC_MSGSEND = YES;
				ENABLE_TESTABILITY = YES;
				GCC_C_LANGUAGE_STANDARD = gnu99;
				GCC_DYNAMIC_NO_PIC = NO;
				GCC_NO_COMMON_BLOCKS = YES;
				GCC_OPTIMIZATION_LEVEL = 0;
				GCC_PREPROCESSOR_DEFINITIONS = (
					"DEBUG=1",
					"$(inherited)",
				);
				GCC_WARN_64_TO_32_BIT_CONVERSION = YES;
				GCC_WARN_ABOUT_RETURN_TYPE = YES_ERROR;
				GCC_WARN_UNDECLARED_SELECTOR = YES;
				GCC_WARN_UNINITIALIZED_AUTOS = YES_AGGRESSIVE;
				GCC_WARN_UNUSED_FUNCTION = YES;
				GCC_WARN_UNUSED_VARIABLE = YES;
				IPHONEOS_DEPLOYMENT_TARGET = 9.3;
				MTL_ENABLE_DEBUG_INFO = YES;
				ONLY_ACTIVE_ARCH = YES;
				SDKROOT = iphoneos;
			};
			name = Debug;
		};
		A7FEAB771DC1A45D00A898EC /* Release */ = {
			isa = XCBuildConfiguration;
			buildSettings = {
				ALWAYS_SEARCH_USER_PATHS = NO;
				CLANG_ANALYZER_NONNULL = YES;
				CLANG_CXX_LANGUAGE_STANDARD = "gnu++0x";
				CLANG_CXX_LIBRARY = "libc++";
				CLANG_ENABLE_MODULES = YES;
				CLANG_ENABLE_OBJC_ARC = YES;
				CLANG_WARN_BOOL_CONVERSION = YES;
				CLANG_WARN_CONSTANT_CONVERSION = YES;
				CLANG_WARN_DIRECT_OBJC_ISA_USAGE = YES_ERROR;
				CLANG_WARN_EMPTY_BODY = YES;
				CLANG_WARN_ENUM_CONVERSION = YES;
				CLANG_WARN_INT_CONVERSION = YES;
				CLANG_WARN_OBJC_ROOT_CLASS = YES_ERROR;
				CLANG_WARN_UNREACHABLE_CODE = YES;
				CLANG_WARN__DUPLICATE_METHOD_MATCH = YES;
				"CODE_SIGN_IDENTITY[sdk=iphoneos*]" = "iPhone Developer";
				COPY_PHASE_STRIP = NO;
				DEBUG_INFORMATION_FORMAT = "dwarf-with-dsym";
				ENABLE_NS_ASSERTIONS = NO;
				ENABLE_STRICT_OBJC_MSGSEND = YES;
				GCC_C_LANGUAGE_STANDARD = gnu99;
				GCC_NO_COMMON_BLOCKS = YES;
				GCC_WARN_64_TO_32_BIT_CONVERSION = YES;
				GCC_WARN_ABOUT_RETURN_TYPE = YES_ERROR;
				GCC_WARN_UNDECLARED_SELECTOR = YES;
				GCC_WARN_UNINITIALIZED_AUTOS = YES_AGGRESSIVE;
				GCC_WARN_UNUSED_FUNCTION = YES;
				GCC_WARN_UNUSED_VARIABLE = YES;
				IPHONEOS_DEPLOYMENT_TARGET = 9.3;
				MTL_ENABLE_DEBUG_INFO = NO;
				SDKROOT = iphoneos;
				VALIDATE_PRODUCT = YES;
			};
			name = Release;
		};
		A7FEAB791DC1A45D00A898EC /* Debug */ = {
			isa = XCBuildConfiguration;
			buildSettings = {
				ASSETCATALOG_COMPILER_APPICON_NAME = AppIcon;
				INFOPLIST_FILE = GitDemo/Info.plist;
				LD_RUNPATH_SEARCH_PATHS = "$(inherited) @executable_path/Frameworks";
				PRODUCT_BUNDLE_IDENTIFIER = com.sand.GitDemo;
				PRODUCT_NAME = "$(TARGET_NAME)";
			};
			name = Debug;
		};
		A7FEAB7A1DC1A45D00A898EC /* Release */ = {
			isa = XCBuildConfiguration;
			buildSettings = {
				ASSETCATALOG_COMPILER_APPICON_NAME = AppIcon;
				INFOPLIST_FILE = GitDemo/Info.plist;
				LD_RUNPATH_SEARCH_PATHS = "$(inherited) @executable_path/Frameworks";
				PRODUCT_BUNDLE_IDENTIFIER = com.sand.GitDemo;
				PRODUCT_NAME = "$(TARGET_NAME)";
			};
			name = Release;
		};
		A7FEAB7C1DC1A45D00A898EC /* Debug */ = {
			isa = XCBuildConfiguration;
			buildSettings = {
				BUNDLE_LOADER = "$(TEST_HOST)";
				INFOPLIST_FILE = GitDemoTests/Info.plist;
				LD_RUNPATH_SEARCH_PATHS = "$(inherited) @executable_path/Frameworks @loader_path/Frameworks";
				PRODUCT_BUNDLE_IDENTIFIER = com.sand.GitDemoTests;
				PRODUCT_NAME = "$(TARGET_NAME)";
				TEST_HOST = "$(BUILT_PRODUCTS_DIR)/GitDemo.app/GitDemo";
			};
			name = Debug;
		};
		A7FEAB7D1DC1A45D00A898EC /* Release */ = {
			isa = XCBuildConfiguration;
			buildSettings = {
				BUNDLE_LOADER = "$(TEST_HOST)";
				INFOPLIST_FILE = GitDemoTests/Info.plist;
				LD_RUNPATH_SEARCH_PATHS = "$(inherited) @executable_path/Frameworks @loader_path/Frameworks";
				PRODUCT_BUNDLE_IDENTIFIER = com.sand.GitDemoTests;
				PRODUCT_NAME = "$(TARGET_NAME)";
				TEST_HOST = "$(BUILT_PRODUCTS_DIR)/GitDemo.app/GitDemo";
			};
			name = Release;
		};
/* End XCBuildConfiguration section */

/* Begin XCConfigurationList section */
		A7FEAB511DC1A45C00A898EC /* Build configuration list for PBXProject "GitDemo" */ = {
			isa = XCConfigurationList;
			buildConfigurations = (
				A7FEAB761DC1A45D00A898EC /* Debug */,
				A7FEAB771DC1A45D00A898EC /* Release */,
			);
			defaultConfigurationIsVisible = 0;
			defaultConfigurationName = Release;
		};
		A7FEAB781DC1A45D00A898EC /* Build configuration list for PBXNativeTarget "GitDemo" */ = {
			isa = XCConfigurationList;
			buildConfigurations = (
				A7FEAB791DC1A45D00A898EC /* Debug */,
				A7FEAB7A1DC1A45D00A898EC /* Release */,
			);
			defaultConfigurationIsVisible = 0;
		};
		A7FEAB7B1DC1A45D00A898EC /* Build configuration list for PBXNativeTarget "GitDemoTests" */ = {
			isa = XCConfigurationList;
			buildConfigurations = (
				A7FEAB7C1DC1A45D00A898EC /* Debug */,
				A7FEAB7D1DC1A45D00A898EC /* Release */,
			);
			defaultConfigurationIsVisible = 0;
		};
/* End XCConfigurationList section */
	};
	rootObject = A7FEAB4E1DC1A45C00A898EC /* Project object */;
}
